Microsoft Visual Studio Solution File, Format Version 8.00
Project("{E6FDF86B-F3D1-11D4-8576-0002A516ECE8}") = "syn", "syn.vjsproj", "{062C6EF0-B48F-11D3-A7E3-0090274242A7}"
	ProjectSection(ProjectDependencies) = postProject
	EndProjectSection
EndProject
Global
	GlobalSection(SolutionConfiguration) = preSolution
		Debug = Debug
		Release = Release
	EndGlobalSection
	GlobalSection(ProjectConfiguration) = postSolution
		{062C6EF0-B48F-11D3-A7E3-0090274242A7}.Debug.ActiveCfg = Debug|.NET
		{062C6EF0-B48F-11D3-A7E3-0090274242A7}.Debug.Build.0 = Debug|.NET
		{062C6EF0-B48F-11D3-A7E3-0090274242A7}.Release.ActiveCfg = Release|.NET
		{062C6EF0-B48F-11D3-A7E3-0090274242A7}.Release.Build.0 = Release|.NET
	EndGlobalSection
	GlobalSection(ExtensibilityGlobals) = postSolution
	EndGlobalSection
	GlobalSection(ExtensibilityAddIns) = postSolution
	EndGlobalSection
EndGlobal
